// !$*UTF8*$!
{
	archiveVersion = 1;
	classes = {
	};
	objectVersion = 46;
	objects = {

/* Begin PBXBuildFile section */
		183177D1858DFE1CDB27F0B7 /* libPods.a in Frameworks */ = {isa = PBXBuildFile; fileRef = 57CAFB3E13811FADC106C84A /* libPods.a */; };
		F90519761A573AC7003736BE /* BLCMediaFullScreenAnimator.m in Sources */ = {isa = PBXBuildFile; fileRef = F90519751A573AC7003736BE /* BLCMediaFullScreenAnimator.m */; };
		F90519791A573BCC003736BE /* BLCMediaFullScreenViewController.m in Sources */ = {isa = PBXBuildFile; fileRef = F90519781A573BCC003736BE /* BLCMediaFullScreenViewController.m */; };
		F93010E61A37AD5B000C9CDE /* main.m in Sources */ = {isa = PBXBuildFile; fileRef = F93010E51A37AD5B000C9CDE /* main.m */; };
		F93010E91A37AD5B000C9CDE /* AppDelegate.m in Sources */ = {isa = PBXBuildFile; fileRef = F93010E81A37AD5B000C9CDE /* AppDelegate.m */; };
		F93010EB1A37AD5B000C9CDE /* Images.xcassets in Resources */ = {isa = PBXBuildFile; fileRef = F93010EA1A37AD5B000C9CDE /* Images.xcassets */; };
		F93010EE1A37AD5B000C9CDE /* LaunchScreen.xib in Resources */ = {isa = PBXBuildFile; fileRef = F93010EC1A37AD5B000C9CDE /* LaunchScreen.xib */; };
		F93010FA1A37AD5B000C9CDE /* BlocstagramTests.m in Sources */ = {isa = PBXBuildFile; fileRef = F93010F91A37AD5B000C9CDE /* BlocstagramTests.m */; };
		F930110E1A37AE36000C9CDE /* 1.jpg in Resources */ = {isa = PBXBuildFile; fileRef = F93011041A37AE36000C9CDE /* 1.jpg */; };
		F930110F1A37AE36000C9CDE /* 2.jpg in Resources */ = {isa = PBXBuildFile; fileRef = F93011051A37AE36000C9CDE /* 2.jpg */; };
		F93011101A37AE36000C9CDE /* 3.jpg in Resources */ = {isa = PBXBuildFile; fileRef = F93011061A37AE36000C9CDE /* 3.jpg */; };
		F93011111A37AE36000C9CDE /* 4.jpg in Resources */ = {isa = PBXBuildFile; fileRef = F93011071A37AE36000C9CDE /* 4.jpg */; };
		F93011121A37AE36000C9CDE /* 5.jpg in Resources */ = {isa = PBXBuildFile; fileRef = F93011081A37AE36000C9CDE /* 5.jpg */; };
		F93011131A37AE36000C9CDE /* 6.jpg in Resources */ = {isa = PBXBuildFile; fileRef = F93011091A37AE36000C9CDE /* 6.jpg */; };
		F93011141A37AE36000C9CDE /* 7.jpg in Resources */ = {isa = PBXBuildFile; fileRef = F930110A1A37AE36000C9CDE /* 7.jpg */; };
		F93011151A37AE36000C9CDE /* 8.jpg in Resources */ = {isa = PBXBuildFile; fileRef = F930110B1A37AE36000C9CDE /* 8.jpg */; };
		F93011161A37AE36000C9CDE /* 9.jpg in Resources */ = {isa = PBXBuildFile; fileRef = F930110C1A37AE36000C9CDE /* 9.jpg */; };
		F93011171A37AE36000C9CDE /* 10.jpg in Resources */ = {isa = PBXBuildFile; fileRef = F930110D1A37AE36000C9CDE /* 10.jpg */; };
		F930111A1A37AE89000C9CDE /* BLCImagesTableViewController.m in Sources */ = {isa = PBXBuildFile; fileRef = F93011191A37AE89000C9CDE /* BLCImagesTableViewController.m */; };
		F9A600241A60309D00928597 /* angle-mask.png in Resources */ = {isa = PBXBuildFile; fileRef = F9A6001E1A60309D00928597 /* angle-mask.png */; };
		F9A600251A60309D00928597 /* angle-mask@2x.png in Resources */ = {isa = PBXBuildFile; fileRef = F9A6001F1A60309D00928597 /* angle-mask@2x.png */; };
		F9A600261A60309D00928597 /* heart-empty.png in Resources */ = {isa = PBXBuildFile; fileRef = F9A600201A60309D00928597 /* heart-empty.png */; };
		F9A600271A60309D00928597 /* heart-empty@2x.png in Resources */ = {isa = PBXBuildFile; fileRef = F9A600211A60309D00928597 /* heart-empty@2x.png */; };
		F9A600281A60309D00928597 /* heart-full.png in Resources */ = {isa = PBXBuildFile; fileRef = F9A600221A60309D00928597 /* heart-full.png */; };
		F9A600291A60309D00928597 /* heart-full@2x.png in Resources */ = {isa = PBXBuildFile; fileRef = F9A600231A60309D00928597 /* heart-full@2x.png */; };
		F9A6002C1A60328C00928597 /* BLCCircleSpinnerView.m in Sources */ = {isa = PBXBuildFile; fileRef = F9A6002B1A60328C00928597 /* BLCCircleSpinnerView.m */; };
		F9A6002F1A64880800928597 /* BLCLikeButton.m in Sources */ = {isa = PBXBuildFile; fileRef = F9A6002E1A64880800928597 /* BLCLikeButton.m */; };
		F9A600321A649BDF00928597 /* BLCLikedUsers.m in Sources */ = {isa = PBXBuildFile; fileRef = F9A600311A649BDF00928597 /* BLCLikedUsers.m */; };
		F9CFBA9B1A487DE800089439 /* BLCLoginViewController.m in Sources */ = {isa = PBXBuildFile; fileRef = F9CFBA9A1A487DE800089439 /* BLCLoginViewController.m */; };
		F9EF4D791A3904AA00F9ADF7 /* BLCUser.m in Sources */ = {isa = PBXBuildFile; fileRef = F9EF4D781A3904AA00F9ADF7 /* BLCUser.m */; };
		F9EF4D7C1A39060E00F9ADF7 /* BLCMedia.m in Sources */ = {isa = PBXBuildFile; fileRef = F9EF4D7B1A39060E00F9ADF7 /* BLCMedia.m */; };
		F9EF4D7F1A39077100F9ADF7 /* BLCComment.m in Sources */ = {isa = PBXBuildFile; fileRef = F9EF4D7E1A39077100F9ADF7 /* BLCComment.m */; };
		F9EF4D821A39095C00F9ADF7 /* BLCDataSource.m in Sources */ = {isa = PBXBuildFile; fileRef = F9EF4D811A39095C00F9ADF7 /* BLCDataSource.m */; };
		F9EF4D851A39F76400F9ADF7 /* BLCMediaTableViewCell.m in Sources */ = {isa = PBXBuildFile; fileRef = F9EF4D841A39F76400F9ADF7 /* BLCMediaTableViewCell.m */; };
/* End PBXBuildFile section */

/* Begin PBXContainerItemProxy section */
		F93010F41A37AD5B000C9CDE /* PBXContainerItemProxy */ = {
			isa = PBXContainerItemProxy;
			containerPortal = F93010D81A37AD5B000C9CDE /* Project object */;
			proxyType = 1;
			remoteGlobalIDString = F93010DF1A37AD5B000C9CDE;
			remoteInfo = Blocstagram;
		};
/* End PBXContainerItemProxy section */

/* Begin PBXFileReference section */
		57CAFB3E13811FADC106C84A /* libPods.a */ = {isa = PBXFileReference; explicitFileType = archive.ar; includeInIndex = 0; path = libPods.a; sourceTree = BUILT_PRODUCTS_DIR; };
		A6EC56EC3033FF5C757136A2 /* Pods.debug.xcconfig */ = {isa = PBXFileReference; includeInIndex = 1; lastKnownFileType = text.xcconfig; name = Pods.debug.xcconfig; path = "Pods/Target Support Files/Pods/Pods.debug.xcconfig"; sourceTree = "<group>"; };
		E29E9B246C81B463413B14C2 /* Pods.release.xcconfig */ = {isa = PBXFileReference; includeInIndex = 1; lastKnownFileType = text.xcconfig; name = Pods.release.xcconfig; path = "Pods/Target Support Files/Pods/Pods.release.xcconfig"; sourceTree = "<group>"; };
		F90519741A573AC7003736BE /* BLCMediaFullScreenAnimator.h */ = {isa = PBXFileReference; fileEncoding = 4; lastKnownFileType = sourcecode.c.h; path = BLCMediaFullScreenAnimator.h; sourceTree = "<group>"; };
		F90519751A573AC7003736BE /* BLCMediaFullScreenAnimator.m */ = {isa = PBXFileReference; fileEncoding = 4; lastKnownFileType = sourcecode.c.objc; path = BLCMediaFullScreenAnimator.m; sourceTree = "<group>"; };
		F90519771A573B8E003736BE /* BLCMediaFullScreenViewController.h */ = {isa = PBXFileReference; fileEncoding = 4; lastKnownFileType = sourcecode.c.h; path = BLCMediaFullScreenViewController.h; sourceTree = "<group>"; };
		F90519781A573BCC003736BE /* BLCMediaFullScreenViewController.m */ = {isa = PBXFileReference; fileEncoding = 4; lastKnownFileType = sourcecode.c.objc; path = BLCMediaFullScreenViewController.m; sourceTree = "<group>"; };
		F93010E01A37AD5B000C9CDE /* Blocstagram.app */ = {isa = PBXFileReference; explicitFileType = wrapper.application; includeInIndex = 0; path = Blocstagram.app; sourceTree = BUILT_PRODUCTS_DIR; };
		F93010E41A37AD5B000C9CDE /* Info.plist */ = {isa = PBXFileReference; lastKnownFileType = text.plist.xml; path = Info.plist; sourceTree = "<group>"; };
		F93010E51A37AD5B000C9CDE /* main.m */ = {isa = PBXFileReference; lastKnownFileType = sourcecode.c.objc; path = main.m; sourceTree = "<group>"; };
		F93010E71A37AD5B000C9CDE /* AppDelegate.h */ = {isa = PBXFileReference; lastKnownFileType = sourcecode.c.h; path = AppDelegate.h; sourceTree = "<group>"; };
		F93010E81A37AD5B000C9CDE /* AppDelegate.m */ = {isa = PBXFileReference; lastKnownFileType = sourcecode.c.objc; path = AppDelegate.m; sourceTree = "<group>"; };
		F93010EA1A37AD5B000C9CDE /* Images.xcassets */ = {isa = PBXFileReference; lastKnownFileType = folder.assetcatalog; path = Images.xcassets; sourceTree = "<group>"; };
		F93010ED1A37AD5B000C9CDE /* Base */ = {isa = PBXFileReference; lastKnownFileType = file.xib; name = Base; path = Base.lproj/LaunchScreen.xib; sourceTree = "<group>"; };
		F93010F31A37AD5B000C9CDE /* BlocstagramTests.xctest */ = {isa = PBXFileReference; explicitFileType = wrapper.cfbundle; includeInIndex = 0; path = BlocstagramTests.xctest; sourceTree = BUILT_PRODUCTS_DIR; };
		F93010F81A37AD5B000C9CDE /* Info.plist */ = {isa = PBXFileReference; lastKnownFileType = text.plist.xml; path = Info.plist; sourceTree = "<group>"; };
		F93010F91A37AD5B000C9CDE /* BlocstagramTests.m */ = {isa = PBXFileReference; lastKnownFileType = sourcecode.c.objc; path = BlocstagramTests.m; sourceTree = "<group>"; };
		F93011041A37AE36000C9CDE /* 1.jpg */ = {isa = PBXFileReference; lastKnownFileType = image.jpeg; path = 1.jpg; sourceTree = "<group>"; };
		F93011051A37AE36000C9CDE /* 2.jpg */ = {isa = PBXFileReference; lastKnownFileType = image.jpeg; path = 2.jpg; sourceTree = "<group>"; };
		F93011061A37AE36000C9CDE /* 3.jpg */ = {isa = PBXFileReference; lastKnownFileType = image.jpeg; path = 3.jpg; sourceTree = "<group>"; };
		F93011071A37AE36000C9CDE /* 4.jpg */ = {isa = PBXFileReference; lastKnownFileType = image.jpeg; path = 4.jpg; sourceTree = "<group>"; };
		F93011081A37AE36000C9CDE /* 5.jpg */ = {isa = PBXFileReference; lastKnownFileType = image.jpeg; path = 5.jpg; sourceTree = "<group>"; };
		F93011091A37AE36000C9CDE /* 6.jpg */ = {isa = PBXFileReference; lastKnownFileType = image.jpeg; path = 6.jpg; sourceTree = "<group>"; };
		F930110A1A37AE36000C9CDE /* 7.jpg */ = {isa = PBXFileReference; lastKnownFileType = image.jpeg; path = 7.jpg; sourceTree = "<group>"; };
		F930110B1A37AE36000C9CDE /* 8.jpg */ = {isa = PBXFileReference; lastKnownFileType = image.jpeg; path = 8.jpg; sourceTree = "<group>"; };
		F930110C1A37AE36000C9CDE /* 9.jpg */ = {isa = PBXFileReference; lastKnownFileType = image.jpeg; path = 9.jpg; sourceTree = "<group>"; };
		F930110D1A37AE36000C9CDE /* 10.jpg */ = {isa = PBXFileReference; lastKnownFileType = image.jpeg; path = 10.jpg; sourceTree = "<group>"; };
		F93011181A37AE89000C9CDE /* BLCImagesTableViewController.h */ = {isa = PBXFileReference; fileEncoding = 4; lastKnownFileType = sourcecode.c.h; path = BLCImagesTableViewController.h; sourceTree = "<group>"; };
		F93011191A37AE89000C9CDE /* BLCImagesTableViewController.m */ = {isa = PBXFileReference; fileEncoding = 4; lastKnownFileType = sourcecode.c.objc; path = BLCImagesTableViewController.m; sourceTree = "<group>"; };
		F9A6001E1A60309D00928597 /* angle-mask.png */ = {isa = PBXFileReference; lastKnownFileType = image.png; path = "angle-mask.png"; sourceTree = "<group>"; };
		F9A6001F1A60309D00928597 /* angle-mask@2x.png */ = {isa = PBXFileReference; lastKnownFileType = image.png; path = "angle-mask@2x.png"; sourceTree = "<group>"; };
		F9A600201A60309D00928597 /* heart-empty.png */ = {isa = PBXFileReference; lastKnownFileType = image.png; path = "heart-empty.png"; sourceTree = "<group>"; };
		F9A600211A60309D00928597 /* heart-empty@2x.png */ = {isa = PBXFileReference; lastKnownFileType = image.png; path = "heart-empty@2x.png"; sourceTree = "<group>"; };
		F9A600221A60309D00928597 /* heart-full.png */ = {isa = PBXFileReference; lastKnownFileType = image.png; path = "heart-full.png"; sourceTree = "<group>"; };
		F9A600231A60309D00928597 /* heart-full@2x.png */ = {isa = PBXFileReference; lastKnownFileType = image.png; path = "heart-full@2x.png"; sourceTree = "<group>"; };
		F9A6002A1A60328C00928597 /* BLCCircleSpinnerView.h */ = {isa = PBXFileReference; fileEncoding = 4; lastKnownFileType = sourcecode.c.h; path = BLCCircleSpinnerView.h; sourceTree = "<group>"; };
		F9A6002B1A60328C00928597 /* BLCCircleSpinnerView.m */ = {isa = PBXFileReference; fileEncoding = 4; lastKnownFileType = sourcecode.c.objc; path = BLCCircleSpinnerView.m; sourceTree = "<group>"; };
		F9A6002D1A64880800928597 /* BLCLikeButton.h */ = {isa = PBXFileReference; fileEncoding = 4; lastKnownFileType = sourcecode.c.h; path = BLCLikeButton.h; sourceTree = "<group>"; };
		F9A6002E1A64880800928597 /* BLCLikeButton.m */ = {isa = PBXFileReference; fileEncoding = 4; lastKnownFileType = sourcecode.c.objc; path = BLCLikeButton.m; sourceTree = "<group>"; };
		F9A600301A649BDF00928597 /* BLCLikedUsers.h */ = {isa = PBXFileReference; fileEncoding = 4; lastKnownFileType = sourcecode.c.h; path = BLCLikedUsers.h; sourceTree = "<group>"; };
		F9A600311A649BDF00928597 /* BLCLikedUsers.m */ = {isa = PBXFileReference; fileEncoding = 4; lastKnownFileType = sourcecode.c.objc; path = BLCLikedUsers.m; sourceTree = "<group>"; };
		F9CFBA991A487DE800089439 /* BLCLoginViewController.h */ = {isa = PBXFileReference; fileEncoding = 4; lastKnownFileType = sourcecode.c.h; path = BLCLoginViewController.h; sourceTree = "<group>"; };
		F9CFBA9A1A487DE800089439 /* BLCLoginViewController.m */ = {isa = PBXFileReference; fileEncoding = 4; lastKnownFileType = sourcecode.c.objc; path = BLCLoginViewController.m; sourceTree = "<group>"; };
		F9EF4D771A3904AA00F9ADF7 /* BLCUser.h */ = {isa = PBXFileReference; fileEncoding = 4; lastKnownFileType = sourcecode.c.h; path = BLCUser.h; sourceTree = "<group>"; };
		F9EF4D781A3904AA00F9ADF7 /* BLCUser.m */ = {isa = PBXFileReference; fileEncoding = 4; lastKnownFileType = sourcecode.c.objc; path = BLCUser.m; sourceTree = "<group>"; };
		F9EF4D7A1A39060E00F9ADF7 /* BLCMedia.h */ = {isa = PBXFileReference; fileEncoding = 4; lastKnownFileType = sourcecode.c.h; path = BLCMedia.h; sourceTree = "<group>"; };
		F9EF4D7B1A39060E00F9ADF7 /* BLCMedia.m */ = {isa = PBXFileReference; fileEncoding = 4; lastKnownFileType = sourcecode.c.objc; path = BLCMedia.m; sourceTree = "<group>"; };
		F9EF4D7D1A39077100F9ADF7 /* BLCComment.h */ = {isa = PBXFileReference; fileEncoding = 4; lastKnownFileType = sourcecode.c.h; path = BLCComment.h; sourceTree = "<group>"; };
		F9EF4D7E1A39077100F9ADF7 /* BLCComment.m */ = {isa = PBXFileReference; fileEncoding = 4; lastKnownFileType = sourcecode.c.objc; path = BLCComment.m; sourceTree = "<group>"; };
		F9EF4D801A39095C00F9ADF7 /* BLCDataSource.h */ = {isa = PBXFileReference; fileEncoding = 4; lastKnownFileType = sourcecode.c.h; path = BLCDataSource.h; sourceTree = "<group>"; };
		F9EF4D811A39095C00F9ADF7 /* BLCDataSource.m */ = {isa = PBXFileReference; fileEncoding = 4; lastKnownFileType = sourcecode.c.objc; path = BLCDataSource.m; sourceTree = "<group>"; };
		F9EF4D831A39F76400F9ADF7 /* BLCMediaTableViewCell.h */ = {isa = PBXFileReference; fileEncoding = 4; lastKnownFileType = sourcecode.c.h; path = BLCMediaTableViewCell.h; sourceTree = "<group>"; };
		F9EF4D841A39F76400F9ADF7 /* BLCMediaTableViewCell.m */ = {isa = PBXFileReference; fileEncoding = 4; lastKnownFileType = sourcecode.c.objc; path = BLCMediaTableViewCell.m; sourceTree = "<group>"; };
/* End PBXFileReference section */

/* Begin PBXFrameworksBuildPhase section */
		F93010DD1A37AD5B000C9CDE /* Frameworks */ = {
			isa = PBXFrameworksBuildPhase;
			buildActionMask = 2147483647;
			files = (
				183177D1858DFE1CDB27F0B7 /* libPods.a in Frameworks */,
			);
			runOnlyForDeploymentPostprocessing = 0;
		};
		F93010F01A37AD5B000C9CDE /* Frameworks */ = {
			isa = PBXFrameworksBuildPhase;
			buildActionMask = 2147483647;
			files = (
			);
			runOnlyForDeploymentPostprocessing = 0;
		};
/* End PBXFrameworksBuildPhase section */

/* Begin PBXGroup section */
		2A413E40159AEB8BCDFC9314 /* Pods */ = {
			isa = PBXGroup;
			children = (
				A6EC56EC3033FF5C757136A2 /* Pods.debug.xcconfig */,
				E29E9B246C81B463413B14C2 /* Pods.release.xcconfig */,
			);
			name = Pods;
			sourceTree = "<group>";
		};
		7CE2221A8819373424E11BE3 /* Frameworks */ = {
			isa = PBXGroup;
			children = (
				57CAFB3E13811FADC106C84A /* libPods.a */,
			);
			name = Frameworks;
			sourceTree = "<group>";
		};
		F93010D71A37AD5A000C9CDE = {
			isa = PBXGroup;
			children = (
				F93010E21A37AD5B000C9CDE /* Blocstagram */,
				F93010F61A37AD5B000C9CDE /* BlocstagramTests */,
				F93010E11A37AD5B000C9CDE /* Products */,
				2A413E40159AEB8BCDFC9314 /* Pods */,
				7CE2221A8819373424E11BE3 /* Frameworks */,
			);
			sourceTree = "<group>";
		};
		F93010E11A37AD5B000C9CDE /* Products */ = {
			isa = PBXGroup;
			children = (
				F93010E01A37AD5B000C9CDE /* Blocstagram.app */,
				F93010F31A37AD5B000C9CDE /* BlocstagramTests.xctest */,
			);
			name = Products;
			sourceTree = "<group>";
		};
		F93010E21A37AD5B000C9CDE /* Blocstagram */ = {
			isa = PBXGroup;
			children = (
				F9A6002D1A64880800928597 /* BLCLikeButton.h */,
				F9A6002E1A64880800928597 /* BLCLikeButton.m */,
				F9A6002A1A60328C00928597 /* BLCCircleSpinnerView.h */,
				F9A6002B1A60328C00928597 /* BLCCircleSpinnerView.m */,
				F93010E31A37AD5B000C9CDE /* Supporting Files */,
				F93011031A37ADE6000C9CDE /* Images */,
				F93010E71A37AD5B000C9CDE /* AppDelegate.h */,
				F93010E81A37AD5B000C9CDE /* AppDelegate.m */,
				F93010EA1A37AD5B000C9CDE /* Images.xcassets */,
				F93010EC1A37AD5B000C9CDE /* LaunchScreen.xib */,
				F93011181A37AE89000C9CDE /* BLCImagesTableViewController.h */,
				F93011191A37AE89000C9CDE /* BLCImagesTableViewController.m */,
				F90519741A573AC7003736BE /* BLCMediaFullScreenAnimator.h */,
				F90519751A573AC7003736BE /* BLCMediaFullScreenAnimator.m */,
				F9EF4D771A3904AA00F9ADF7 /* BLCUser.h */,
				F9EF4D831A39F76400F9ADF7 /* BLCMediaTableViewCell.h */,
				F9EF4D841A39F76400F9ADF7 /* BLCMediaTableViewCell.m */,
				F90519771A573B8E003736BE /* BLCMediaFullScreenViewController.h */,
				F90519781A573BCC003736BE /* BLCMediaFullScreenViewController.m */,
				F9EF4D801A39095C00F9ADF7 /* BLCDataSource.h */,
				F9EF4D811A39095C00F9ADF7 /* BLCDataSource.m */,
				F9CFBA991A487DE800089439 /* BLCLoginViewController.h */,
				F9CFBA9A1A487DE800089439 /* BLCLoginViewController.m */,
				F9EF4D7A1A39060E00F9ADF7 /* BLCMedia.h */,
				F9EF4D7D1A39077100F9ADF7 /* BLCComment.h */,
				F9EF4D7E1A39077100F9ADF7 /* BLCComment.m */,
				F9A600301A649BDF00928597 /* BLCLikedUsers.h */,
				F9A600311A649BDF00928597 /* BLCLikedUsers.m */,
				F9EF4D7B1A39060E00F9ADF7 /* BLCMedia.m */,
				F9EF4D781A3904AA00F9ADF7 /* BLCUser.m */,
			);
			path = Blocstagram;
			sourceTree = "<group>";
		};
		F93010E31A37AD5B000C9CDE /* Supporting Files */ = {
			isa = PBXGroup;
			children = (
				F93010E41A37AD5B000C9CDE /* Info.plist */,
				F93010E51A37AD5B000C9CDE /* main.m */,
			);
			name = "Supporting Files";
			sourceTree = "<group>";
		};
		F93010F61A37AD5B000C9CDE /* BlocstagramTests */ = {
			isa = PBXGroup;
			children = (
				F93010F91A37AD5B000C9CDE /* BlocstagramTests.m */,
				F93010F71A37AD5B000C9CDE /* Supporting Files */,
			);
			path = BlocstagramTests;
			sourceTree = "<group>";
		};
		F93010F71A37AD5B000C9CDE /* Supporting Files */ = {
			isa = PBXGroup;
			children = (
				F93010F81A37AD5B000C9CDE /* Info.plist */,
			);
			name = "Supporting Files";
			sourceTree = "<group>";
		};
		F93011031A37ADE6000C9CDE /* Images */ = {
			isa = PBXGroup;
			children = (
				F9A6001E1A60309D00928597 /* angle-mask.png */,
				F9A6001F1A60309D00928597 /* angle-mask@2x.png */,
				F9A600201A60309D00928597 /* heart-empty.png */,
				F9A600211A60309D00928597 /* heart-empty@2x.png */,
				F9A600221A60309D00928597 /* heart-full.png */,
				F9A600231A60309D00928597 /* heart-full@2x.png */,
				F93011041A37AE36000C9CDE /* 1.jpg */,
				F93011051A37AE36000C9CDE /* 2.jpg */,
				F93011061A37AE36000C9CDE /* 3.jpg */,
				F93011071A37AE36000C9CDE /* 4.jpg */,
				F93011081A37AE36000C9CDE /* 5.jpg */,
				F93011091A37AE36000C9CDE /* 6.jpg */,
				F930110A1A37AE36000C9CDE /* 7.jpg */,
				F930110B1A37AE36000C9CDE /* 8.jpg */,
				F930110C1A37AE36000C9CDE /* 9.jpg */,
				F930110D1A37AE36000C9CDE /* 10.jpg */,
			);
			name = Images;
			sourceTree = "<group>";
		};
/* End PBXGroup section */

/* Begin PBXNativeTarget section */
		F93010DF1A37AD5B000C9CDE /* Blocstagram */ = {
			isa = PBXNativeTarget;
			buildConfigurationList = F93010FD1A37AD5B000C9CDE /* Build configuration list for PBXNativeTarget "Blocstagram" */;
			buildPhases = (
				5985052F9B958719CBC8B72B /* Check Pods Manifest.lock */,
				F93010DC1A37AD5B000C9CDE /* Sources */,
				F93010DD1A37AD5B000C9CDE /* Frameworks */,
				F93010DE1A37AD5B000C9CDE /* Resources */,
				3BC5CC8B86B9F9165C0DAC84 /* Copy Pods Resources */,
			);
			buildRules = (
			);
			dependencies = (
			);
			name = Blocstagram;
			productName = Blocstagram;
			productReference = F93010E01A37AD5B000C9CDE /* Blocstagram.app */;
			productType = "com.apple.product-type.application";
		};
		F93010F21A37AD5B000C9CDE /* BlocstagramTests */ = {
			isa = PBXNativeTarget;
			buildConfigurationList = F93011001A37AD5B000C9CDE /* Build configuration list for PBXNativeTarget "BlocstagramTests" */;
			buildPhases = (
				F93010EF1A37AD5B000C9CDE /* Sources */,
				F93010F01A37AD5B000C9CDE /* Frameworks */,
				F93010F11A37AD5B000C9CDE /* Resources */,
			);
			buildRules = (
			);
			dependencies = (
				F93010F51A37AD5B000C9CDE /* PBXTargetDependency */,
			);
			name = BlocstagramTests;
			productName = BlocstagramTests;
			productReference = F93010F31A37AD5B000C9CDE /* BlocstagramTests.xctest */;
			productType = "com.apple.product-type.bundle.unit-test";
		};
/* End PBXNativeTarget section */

/* Begin PBXProject section */
		F93010D81A37AD5B000C9CDE /* Project object */ = {
			isa = PBXProject;
			attributes = {
				LastUpgradeCheck = 0610;
				ORGANIZATIONNAME = Bloc;
				TargetAttributes = {
					F93010DF1A37AD5B000C9CDE = {
						CreatedOnToolsVersion = 6.1;
						DevelopmentTeam = 2W4U5L3MCF;
					};
					F93010F21A37AD5B000C9CDE = {
						CreatedOnToolsVersion = 6.1;
						TestTargetID = F93010DF1A37AD5B000C9CDE;
					};
				};
			};
			buildConfigurationList = F93010DB1A37AD5B000C9CDE /* Build configuration list for PBXProject "Blocstagram" */;
			compatibilityVersion = "Xcode 3.2";
			developmentRegion = English;
			hasScannedForEncodings = 0;
			knownRegions = (
				en,
				Base,
			);
			mainGroup = F93010D71A37AD5A000C9CDE;
			productRefGroup = F93010E11A37AD5B000C9CDE /* Products */;
			projectDirPath = "";
			projectRoot = "";
			targets = (
				F93010DF1A37AD5B000C9CDE /* Blocstagram */,
				F93010F21A37AD5B000C9CDE /* BlocstagramTests */,
			);
		};
/* End PBXProject section */

/* Begin PBXResourcesBuildPhase section */
		F93010DE1A37AD5B000C9CDE /* Resources */ = {
			isa = PBXResourcesBuildPhase;
			buildActionMask = 2147483647;
			files = (
				F93011161A37AE36000C9CDE /* 9.jpg in Resources */,
				F93011151A37AE36000C9CDE /* 8.jpg in Resources */,
				F93011111A37AE36000C9CDE /* 4.jpg in Resources */,
				F93011101A37AE36000C9CDE /* 3.jpg in Resources */,
				F9A600291A60309D00928597 /* heart-full@2x.png in Resources */,
				F93011131A37AE36000C9CDE /* 6.jpg in Resources */,
				F930110E1A37AE36000C9CDE /* 1.jpg in Resources */,
				F9A600251A60309D00928597 /* angle-mask@2x.png in Resources */,
				F9A600241A60309D00928597 /* angle-mask.png in Resources */,
				F93010EE1A37AD5B000C9CDE /* LaunchScreen.xib in Resources */,
				F93011121A37AE36000C9CDE /* 5.jpg in Resources */,
				F93011141A37AE36000C9CDE /* 7.jpg in Resources */,
				F9A600261A60309D00928597 /* heart-empty.png in Resources */,
				F930110F1A37AE36000C9CDE /* 2.jpg in Resources */,
				F93011171A37AE36000C9CDE /* 10.jpg in Resources */,
				F93010EB1A37AD5B000C9CDE /* Images.xcassets in Resources */,
				F9A600271A60309D00928597 /* heart-empty@2x.png in Resources */,
				F9A600281A60309D00928597 /* heart-full.png in Resources */,
			);
			runOnlyForDeploymentPostprocessing = 0;
		};
		F93010F11A37AD5B000C9CDE /* Resources */ = {
			isa = PBXResourcesBuildPhase;
			buildActionMask = 2147483647;
			files = (
			);
			runOnlyForDeploymentPostprocessing = 0;
		};
/* End PBXResourcesBuildPhase section */

/* Begin PBXShellScriptBuildPhase section */
		3BC5CC8B86B9F9165C0DAC84 /* Copy Pods Resources */ = {
			isa = PBXShellScriptBuildPhase;
			buildActionMask = 2147483647;
			files = (
			);
			inputPaths = (
			);
			name = "Copy Pods Resources";
			outputPaths = (
			);
			runOnlyForDeploymentPostprocessing = 0;
			shellPath = /bin/sh;
			shellScript = "\"${SRCROOT}/Pods/Target Support Files/Pods/Pods-resources.sh\"\n";
			showEnvVarsInLog = 0;
		};
		5985052F9B958719CBC8B72B /* Check Pods Manifest.lock */ = {
			isa = PBXShellScriptBuildPhase;
			buildActionMask = 2147483647;
			files = (
			);
			inputPaths = (
			);
			name = "Check Pods Manifest.lock";
			outputPaths = (
			);
			runOnlyForDeploymentPostprocessing = 0;
			shellPath = /bin/sh;
			shellScript = "diff \"${PODS_ROOT}/../Podfile.lock\" \"${PODS_ROOT}/Manifest.lock\" > /dev/null\nif [[ $? != 0 ]] ; then\n    cat << EOM\nerror: The sandbox is not in sync with the Podfile.lock. Run 'pod install' or update your CocoaPods installation.\nEOM\n    exit 1\nfi\n";
			showEnvVarsInLog = 0;
		};
/* End PBXShellScriptBuildPhase section */

/* Begin PBXSourcesBuildPhase section */
		F93010DC1A37AD5B000C9CDE /* Sources */ = {
			isa = PBXSourcesBuildPhase;
			buildActionMask = 2147483647;
			files = (
				F9EF4D791A3904AA00F9ADF7 /* BLCUser.m in Sources */,
				F90519761A573AC7003736BE /* BLCMediaFullScreenAnimator.m in Sources */,
				F9A6002F1A64880800928597 /* BLCLikeButton.m in Sources */,
				F93010E91A37AD5B000C9CDE /* AppDelegate.m in Sources */,
				F9A600321A649BDF00928597 /* BLCLikedUsers.m in Sources */,
				F93010E61A37AD5B000C9CDE /* main.m in Sources */,
				F930111A1A37AE89000C9CDE /* BLCImagesTableViewController.m in Sources */,
				F9EF4D7C1A39060E00F9ADF7 /* BLCMedia.m in Sources */,
				F9A6002C1A60328C00928597 /* BLCCircleSpinnerView.m in Sources */,
				F9EF4D7F1A39077100F9ADF7 /* BLCComment.m in Sources */,
				F9EF4D851A39F76400F9ADF7 /* BLCMediaTableViewCell.m in Sources */,
				F90519791A573BCC003736BE /* BLCMediaFullScreenViewController.m in Sources */,
				F9EF4D821A39095C00F9ADF7 /* BLCDataSource.m in Sources */,
				F9CFBA9B1A487DE800089439 /* BLCLoginViewController.m in Sources */,
			);
			runOnlyForDeploymentPostprocessing = 0;
		};
		F93010EF1A37AD5B000C9CDE /* Sources */ = {
			isa = PBXSourcesBuildPhase;
			buildActionMask = 2147483647;
			files = (
				F93010FA1A37AD5B000C9CDE /* BlocstagramTests.m in Sources */,
			);
			runOnlyForDeploymentPostprocessing = 0;
		};
/* End PBXSourcesBuildPhase section */

/* Begin PBXTargetDependency section */
		F93010F51A37AD5B000C9CDE /* PBXTargetDependency */ = {
			isa = PBXTargetDependency;
			target = F93010DF1A37AD5B000C9CDE /* Blocstagram */;
			targetProxy = F93010F41A37AD5B000C9CDE /* PBXContainerItemProxy */;
		};
/* End PBXTargetDependency section */

/* Begin PBXVariantGroup section */
		F93010EC1A37AD5B000C9CDE /* LaunchScreen.xib */ = {
			isa = PBXVariantGroup;
			children = (
				F93010ED1A37AD5B000C9CDE /* Base */,
			);
			name = LaunchScreen.xib;
			sourceTree = "<group>";
		};
/* End PBXVariantGroup section */

/* Begin XCBuildConfiguration section */
		F93010FB1A37AD5B000C9CDE /* Debug */ = {
			isa = XCBuildConfiguration;
			buildSettings = {
				ALWAYS_SEARCH_USER_PATHS = NO;
				CLANG_CXX_LANGUAGE_STANDARD = "gnu++0x";
				CLANG_CXX_LIBRARY = "libc++";
				CLANG_ENABLE_MODULES = YES;
				CLANG_ENABLE_OBJC_ARC = YES;
				CLANG_WARN_BOOL_CONVERSION = YES;
				CLANG_WARN_CONSTANT_CONVERSION = YES;
				CLANG_WARN_DIRECT_OBJC_ISA_USAGE = YES_ERROR;
				CLANG_WARN_EMPTY_BODY = YES;
				CLANG_WARN_ENUM_CONVERSION = YES;
				CLANG_WARN_INT_CONVERSION = YES;
				CLANG_WARN_OBJC_ROOT_CLASS = YES_ERROR;
				CLANG_WARN_UNREACHABLE_CODE = YES;
				CLANG_WARN__DUPLICATE_METHOD_MATCH = YES;
				"CODE_SIGN_IDENTITY[sdk=iphoneos*]" = "iPhone Developer";
				COPY_PHASE_STRIP = NO;
				ENABLE_STRICT_OBJC_MSGSEND = YES;
				GCC_C_LANGUAGE_STANDARD = gnu99;
				GCC_DYNAMIC_NO_PIC = NO;
				GCC_OPTIMIZATION_LEVEL = 0;
				GCC_PREPROCESSOR_DEFINITIONS = (
					"DEBUG=1",
					"$(inherited)",
				);
				GCC_SYMBOLS_PRIVATE_EXTERN = NO;
				GCC_WARN_64_TO_32_BIT_CONVERSION = YES;
				GCC_WARN_ABOUT_RETURN_TYPE = YES_ERROR;
				GCC_WARN_UNDECLARED_SELECTOR = YES;
				GCC_WARN_UNINITIALIZED_AUTOS = YES_AGGRESSIVE;
				GCC_WARN_UNUSED_FUNCTION = YES;
				GCC_WARN_UNUSED_VARIABLE = YES;
				IPHONEOS_DEPLOYMENT_TARGET = 8.1;
				MTL_ENABLE_DEBUG_INFO = YES;
				ONLY_ACTIVE_ARCH = YES;
				SDKROOT = iphoneos;
				TARGETED_DEVICE_FAMILY = "1,2";
			};
			name = Debug;
		};
		F93010FC1A37AD5B000C9CDE /* Release */ = {
			isa = XCBuildConfiguration;
			buildSettings = {
				ALWAYS_SEARCH_USER_PATHS = NO;
				CLANG_CXX_LANGUAGE_STANDARD = "gnu++0x";
				CLANG_CXX_LIBRARY = "libc++";
				CLANG_ENABLE_MODULES = YES;
				CLANG_ENABLE_OBJC_ARC = YES;
				CLANG_WARN_BOOL_CONVERSION = YES;
				CLANG_WARN_CONSTANT_CONVERSION = YES;
				CLANG_WARN_DIRECT_OBJC_ISA_USAGE = YES_ERROR;
				CLANG_WARN_EMPTY_BODY = YES;
				CLANG_WARN_ENUM_CONVERSION = YES;
				CLANG_WARN_INT_CONVERSION = YES;
				CLANG_WARN_OBJC_ROOT_CLASS = YES_ERROR;
				CLANG_WARN_UNREACHABLE_CODE = YES;
				CLANG_WARN__DUPLICATE_METHOD_MATCH = YES;
				"CODE_SIGN_IDENTITY[sdk=iphoneos*]" = "iPhone Developer";
				COPY_PHASE_STRIP = YES;
				ENABLE_NS_ASSERTIONS = NO;
				ENABLE_STRICT_OBJC_MSGSEND = YES;
				GCC_C_LANGUAGE_STANDARD = gnu99;
				GCC_WARN_64_TO_32_BIT_CONVERSION = YES;
				GCC_WARN_ABOUT_RETURN_TYPE = YES_ERROR;
				GCC_WARN_UNDECLARED_SELECTOR = YES;
				GCC_WARN_UNINITIALIZED_AUTOS = YES_AGGRESSIVE;
				GCC_WARN_UNUSED_FUNCTION = YES;
				GCC_WARN_UNUSED_VARIABLE = YES;
				IPHONEOS_DEPLOYMENT_TARGET = 8.1;
				MTL_ENABLE_DEBUG_INFO = NO;
				SDKROOT = iphoneos;
				TARGETED_DEVICE_FAMILY = "1,2";
				VALIDATE_PRODUCT = YES;
			};
			name = Release;
		};
		F93010FE1A37AD5B000C9CDE /* Debug */ = {
			isa = XCBuildConfiguration;
			baseConfigurationReference = A6EC56EC3033FF5C757136A2 /* Pods.debug.xcconfig */;
			buildSettings = {
				ASSETCATALOG_COMPILER_APPICON_NAME = AppIcon;
				CODE_SIGN_IDENTITY = "iPhone Developer";
				"CODE_SIGN_IDENTITY[sdk=iphoneos*]" = "iPhone Developer";
				INFOPLIST_FILE = Blocstagram/Info.plist;
				IPHONEOS_DEPLOYMENT_TARGET = 8.1;
				LD_RUNPATH_SEARCH_PATHS = "$(inherited) @executable_path/Frameworks";
				PRODUCT_NAME = "$(TARGET_NAME)";
				PROVISIONING_PROFILE = "";
			};
			name = Debug;
		};
		F93010FF1A37AD5B000C9CDE /* Release */ = {
			isa = XCBuildConfiguration;
			baseConfigurationReference = E29E9B246C81B463413B14C2 /* Pods.release.xcconfig */;
			buildSettings = {
				ASSETCATALOG_COMPILER_APPICON_NAME = AppIcon;
				CODE_SIGN_IDENTITY = "iPhone Developer";
				"CODE_SIGN_IDENTITY[sdk=iphoneos*]" = "iPhone Developer";
				INFOPLIST_FILE = Blocstagram/Info.plist;
				IPHONEOS_DEPLOYMENT_TARGET = 8.1;
				LD_RUNPATH_SEARCH_PATHS = "$(inherited) @executable_path/Frameworks";
				PRODUCT_NAME = "$(TARGET_NAME)";
				PROVISIONING_PROFILE = "";
			};
			name = Release;
		};
		F93011011A37AD5B000C9CDE /* Debug */ = {
			isa = XCBuildConfiguration;
			buildSettings = {
				BUNDLE_LOADER = "$(TEST_HOST)";
				FRAMEWORK_SEARCH_PATHS = (
					"$(SDKROOT)/Developer/Library/Frameworks",
					"$(inherited)",
				);
				GCC_PREPROCESSOR_DEFINITIONS = (
					"DEBUG=1",
					"$(inherited)",
				);
				INFOPLIST_FILE = BlocstagramTests/Info.plist;
				LD_RUNPATH_SEARCH_PATHS = "$(inherited) @executable_path/Frameworks @loader_path/Frameworks";
				PRODUCT_NAME = "$(TARGET_NAME)";
				TEST_HOST = "$(BUILT_PRODUCTS_DIR)/Blocstagram.app/Blocstagram";
			};
			name = Debug;
		};
		F93011021A37AD5B000C9CDE /* Release */ = {
			isa = XCBuildConfiguration;
			buildSettings = {
				BUNDLE_LOADER = "$(TEST_HOST)";
				FRAMEWORK_SEARCH_PATHS = (
					"$(SDKROOT)/Developer/Library/Frameworks",
					"$(inherited)",
				);
				INFOPLIST_FILE = BlocstagramTests/Info.plist;
				LD_RUNPATH_SEARCH_PATHS = "$(inherited) @executable_path/Frameworks @loader_path/Frameworks";
				PRODUCT_NAME = "$(TARGET_NAME)";
				TEST_HOST = "$(BUILT_PRODUCTS_DIR)/Blocstagram.app/Blocstagram";
			};
			name = Release;
		};
/* End XCBuildConfiguration section */

/* Begin XCConfigurationList section */
		F93010DB1A37AD5B000C9CDE /* Build configuration list for PBXProject "Blocstagram" */ = {
			isa = XCConfigurationList;
			buildConfigurations = (
				F93010FB1A37AD5B000C9CDE /* Debug */,
				F93010FC1A37AD5B000C9CDE /* Release */,
			);
			defaultConfigurationIsVisible = 0;
			defaultConfigurationName = Release;
		};
		F93010FD1A37AD5B000C9CDE /* Build configuration list for PBXNativeTarget "Blocstagram" */ = {
			isa = XCConfigurationList;
			buildConfigurations = (
				F93010FE1A37AD5B000C9CDE /* Debug */,
				F93010FF1A37AD5B000C9CDE /* Release */,
			);
			defaultConfigurationIsVisible = 0;
			defaultConfigurationName = Release;
		};
		F93011001A37AD5B000C9CDE /* Build configuration list for PBXNativeTarget "BlocstagramTests" */ = {
			isa = XCConfigurationList;
			buildConfigurations = (
				F93011011A37AD5B000C9CDE /* Debug */,
				F93011021A37AD5B000C9CDE /* Release */,
			);
			defaultConfigurationIsVisible = 0;
			defaultConfigurationName = Release;
		};
/* End XCConfigurationList section */
	};
	rootObject = F93010D81A37AD5B000C9CDE /* Project object */;
}
